
Microsoft Visual Studio Solution File, Format Version 12.00
# Visual Studio Version 17
VisualStudioVersion = 17.14.36310.24 d17.14
MinimumVisualStudioVersion = 10.0.40219.1
Project("{FAE04EC0-301F-11D3-BF4B-00C04F79EFBC}") = "classes-demo-cs", "classes-demo-cs\classes-demo-cs.csproj", "{24A3DB5F-2968-4BD9-BCF1-E34933B899B8}"
EndProject
Global
	GlobalSection(SolutionConfigurationPlatforms) = preSolution
		Debug|Any CPU = Debug|Any CPU
		Release|Any CPU = Release|Any CPU
	EndGlobalSection
	GlobalSection(ProjectConfigurationPlatforms) = postSolution
		{24A3DB5F-2968-4BD9-BCF1-E34933B899B8}.Debug|Any CPU.ActiveCfg = Debug|Any CPU
		{24A3DB5F-2968-4BD9-BCF1-E34933B899B8}.Debug|Any CPU.Build.0 = Debug|Any CPU
		{24A3DB5F-2968-4BD9-BCF1-E34933B899B8}.Release|Any CPU.ActiveCfg = Release|Any CPU
		{24A3DB5F-2968-4BD9-BCF1-E34933B899B8}.Release|Any CPU.Build.0 = Release|Any CPU
	EndGlobalSection
	GlobalSection(SolutionProperties) = preSolution
		HideSolutionNode = FALSE
	EndGlobalSection
	GlobalSection(ExtensibilityGlobals) = postSolution
		SolutionGuid = {8DFE89C6-74BA-439B-8848-4A792CC7E3A5}
	EndGlobalSection
EndGlobal
